
Microsoft Visual Studio Solution File, Format Version 12.00
Project("{FAE04EC0-301F-11D3-BF4B-00C04F79EFBC}") = "HashDictionary.Impl", "HashDictionary.Impl\HashDictionary.Impl.csproj", "{05235568-0228-4A84-A621-F981EB5280BE}"
EndProject
Project("{FAE04EC0-301F-11D3-BF4B-00C04F79EFBC}") = "HashDictionary.Client", "HashDictionary.Client\HashDictionary.Client.csproj", "{0C75E370-17C1-41A8-8ECC-9697EBD5A68C}"
EndProject
Global
	GlobalSection(SolutionConfigurationPlatforms) = preSolution
		Debug|Any CPU = Debug|Any CPU
		Release|Any CPU = Release|Any CPU
	EndGlobalSection
	GlobalSection(ProjectConfigurationPlatforms) = postSolution
		{05235568-0228-4A84-A621-F981EB5280BE}.Debug|Any CPU.ActiveCfg = Debug|Any CPU
		{05235568-0228-4A84-A621-F981EB5280BE}.Debug|Any CPU.Build.0 = Debug|Any CPU
		{05235568-0228-4A84-A621-F981EB5280BE}.Release|Any CPU.ActiveCfg = Release|Any CPU
		{05235568-0228-4A84-A621-F981EB5280BE}.Release|Any CPU.Build.0 = Release|Any CPU
		{0C75E370-17C1-41A8-8ECC-9697EBD5A68C}.Debug|Any CPU.ActiveCfg = Debug|Any CPU
		{0C75E370-17C1-41A8-8ECC-9697EBD5A68C}.Debug|Any CPU.Build.0 = Debug|Any CPU
		{0C75E370-17C1-41A8-8ECC-9697EBD5A68C}.Release|Any CPU.ActiveCfg = Release|Any CPU
		{0C75E370-17C1-41A8-8ECC-9697EBD5A68C}.Release|Any CPU.Build.0 = Release|Any CPU
	EndGlobalSection
EndGlobal
